
Microsoft Visual Studio Solution File, Format Version 12.00
# Visual Studio 15
VisualStudioVersion = 15.0.27703.2018
MinimumVisualStudioVersion = 10.0.40219.1
Project("{FAE04EC0-301F-11D3-BF4B-00C04F79EFBC}") = "FibonacciSeries", "FibonacciSeries\FibonacciSeries.csproj", "{AB8E5026-A16B-4437-B80E-AF40782742E2}"
EndProject
Project("{FAE04EC0-301F-11D3-BF4B-00C04F79EFBC}") = "FibonacciSeriesTest", "FibonacciSeriesTest\FibonacciSeriesTest.csproj", "{64AD094C-C36E-4246-A430-79D1A2AA8011}"
EndProject
Global
	GlobalSection(SolutionConfigurationPlatforms) = preSolution
		Debug|Any CPU = Debug|Any CPU
		Release|Any CPU = Release|Any CPU
	EndGlobalSection
	GlobalSection(ProjectConfigurationPlatforms) = postSolution
		{AB8E5026-A16B-4437-B80E-AF40782742E2}.Debug|Any CPU.ActiveCfg = Debug|Any CPU
		{AB8E5026-A16B-4437-B80E-AF40782742E2}.Debug|Any CPU.Build.0 = Debug|Any CPU
		{AB8E5026-A16B-4437-B80E-AF40782742E2}.Release|Any CPU.ActiveCfg = Release|Any CPU
		{AB8E5026-A16B-4437-B80E-AF40782742E2}.Release|Any CPU.Build.0 = Release|Any CPU
		{64AD094C-C36E-4246-A430-79D1A2AA8011}.Debug|Any CPU.ActiveCfg = Debug|Any CPU
		{64AD094C-C36E-4246-A430-79D1A2AA8011}.Debug|Any CPU.Build.0 = Debug|Any CPU
		{64AD094C-C36E-4246-A430-79D1A2AA8011}.Release|Any CPU.ActiveCfg = Release|Any CPU
		{64AD094C-C36E-4246-A430-79D1A2AA8011}.Release|Any CPU.Build.0 = Release|Any CPU
	EndGlobalSection
	GlobalSection(SolutionProperties) = preSolution
		HideSolutionNode = FALSE
	EndGlobalSection
	GlobalSection(ExtensibilityGlobals) = postSolution
		SolutionGuid = {674FEB22-BCEF-4BEB-90CC-1B6BDBA213A9}
	EndGlobalSection
EndGlobal
